
Microsoft Visual Studio Solution File, Format Version 12.00
# Visual Studio Version 16
VisualStudioVersion = 16.0.31911.196
MinimumVisualStudioVersion = 10.0.40219.1
Project("{FAE04EC0-301F-11D3-BF4B-00C04F79EFBC}") = "pjPractice", "pjPractice\pjPractice.csproj", "{4DF127D7-3BDE-4EE8-B082-7BB737078CE2}"
EndProject
Global
	GlobalSection(SolutionConfigurationPlatforms) = preSolution
		Debug|Any CPU = Debug|Any CPU
		Release|Any CPU = Release|Any CPU
	EndGlobalSection
	GlobalSection(ProjectConfigurationPlatforms) = postSolution
		{4DF127D7-3BDE-4EE8-B082-7BB737078CE2}.Debug|Any CPU.ActiveCfg = Debug|Any CPU
		{4DF127D7-3BDE-4EE8-B082-7BB737078CE2}.Debug|Any CPU.Build.0 = Debug|Any CPU
		{4DF127D7-3BDE-4EE8-B082-7BB737078CE2}.Release|Any CPU.ActiveCfg = Release|Any CPU
		{4DF127D7-3BDE-4EE8-B082-7BB737078CE2}.Release|Any CPU.Build.0 = Release|Any CPU
	EndGlobalSection
	GlobalSection(SolutionProperties) = preSolution
		HideSolutionNode = FALSE
	EndGlobalSection
	GlobalSection(ExtensibilityGlobals) = postSolution
		SolutionGuid = {BBB81EA5-47B6-498B-A24D-AF6DB1B6B868}
	EndGlobalSection
EndGlobal
